Microsoft Visual Studio Solution File, Format Version 12.00
# Visual Studio Version 17
VisualStudioVersion = 17.5.2.0
MinimumVisualStudioVersion = 10.0.40219.1
Project("{FAE04EC0-301F-11D3-BF4B-00C04F79EFBC}") = "MottuApi", "MottuApi.csproj", "{F6EE117E-F36A-FC38-48C7-77A011B7030A}"
EndProject
Project("{FAE04EC0-301F-11D3-BF4B-00C04F79EFBC}") = "MottuApi.Tests", "MottuApi.Tests\MottuApi.Tests.csproj", "{1BB9B21B-CF57-42CB-A77A-521E82665FBF}"
EndProject
Global
	GlobalSection(SolutionConfigurationPlatforms) = preSolution
		Debug|Any CPU = Debug|Any CPU
		Release|Any CPU = Release|Any CPU
	EndGlobalSection
	GlobalSection(ProjectConfigurationPlatforms) = postSolution
		{F6EE117E-F36A-FC38-48C7-77A011B7030A}.Debug|Any CPU.ActiveCfg = Debug|Any CPU
		{F6EE117E-F36A-FC38-48C7-77A011B7030A}.Debug|Any CPU.Build.0 = Debug|Any CPU
		{F6EE117E-F36A-FC38-48C7-77A011B7030A}.Release|Any CPU.ActiveCfg = Release|Any CPU
		{F6EE117E-F36A-FC38-48C7-77A011B7030A}.Release|Any CPU.Build.0 = Release|Any CPU
		{1BB9B21B-CF57-42CB-A77A-521E82665FBF}.Debug|Any CPU.ActiveCfg = Debug|Any CPU
		{1BB9B21B-CF57-42CB-A77A-521E82665FBF}.Debug|Any CPU.Build.0 = Debug|Any CPU
		{1BB9B21B-CF57-42CB-A77A-521E82665FBF}.Release|Any CPU.ActiveCfg = Release|Any CPU
		{1BB9B21B-CF57-42CB-A77A-521E82665FBF}.Release|Any CPU.Build.0 = Release|Any CPU
	EndGlobalSection
	GlobalSection(SolutionProperties) = preSolution
		HideSolutionNode = FALSE
	EndGlobalSection
	GlobalSection(ExtensibilityGlobals) = postSolution
		SolutionGuid = {97C90DC1-F40D-4684-A976-3CDB13FB7C4D}
	EndGlobalSection
EndGlobal
